// !$*UTF8*$!
{
	archiveVersion = 1;
	classes = {
	};
	objectVersion = 52;
	objects = {

/* Begin PBXBuildFile section */
		DC8B442125354F0900B83678 /* AsyncImage.swift in Sources */ = {isa = PBXBuildFile; fileRef = DC8B442025354F0900B83678 /* AsyncImage.swift */; };
		DC8B442525354F3300B83678 /* ImageLoader.swift in Sources */ = {isa = PBXBuildFile; fileRef = DC8B442425354F3300B83678 /* ImageLoader.swift */; };
		DC8B442825354F4000B83678 /* ImageCache.swift in Sources */ = {isa = PBXBuildFile; fileRef = DC8B442725354F4000B83678 /* ImageCache.swift */; };
		DC8B442B25354F5600B83678 /* EnvironmentValues+ImageCache.swift in Sources */ = {isa = PBXBuildFile; fileRef = DC8B442A25354F5600B83678 /* EnvironmentValues+ImageCache.swift */; };
		DC8B44342535553400B83678 /* Notification+Oauth.swift in Sources */ = {isa = PBXBuildFile; fileRef = DC8B44332535553400B83678 /* Notification+Oauth.swift */; };
		DC8B44382535558800B83678 /* SignInConstants.swift in Sources */ = {isa = PBXBuildFile; fileRef = DC8B44372535558800B83678 /* SignInConstants.swift */; };
		DC8B44432535569100B83678 /* OAuthService.swift in Sources */ = {isa = PBXBuildFile; fileRef = DC8B44422535569100B83678 /* OAuthService.swift */; };
		DC8B4447253563C300B83678 /* URLBuilder.swift in Sources */ = {isa = PBXBuildFile; fileRef = DC8B4446253563C300B83678 /* URLBuilder.swift */; };
		DC8B444A253563EE00B83678 /* OAuthLoginSession.swift in Sources */ = {isa = PBXBuildFile; fileRef = DC8B4449253563EE00B83678 /* OAuthLoginSession.swift */; };
		DC8B444D2535640800B83678 /* LoginScopes.swift in Sources */ = {isa = PBXBuildFile; fileRef = DC8B444C2535640800B83678 /* LoginScopes.swift */; };
		DC8B44532535743000B83678 /* SnakeCaseJSONDecoder.swift in Sources */ = {isa = PBXBuildFile; fileRef = DC8B44522535743000B83678 /* SnakeCaseJSONDecoder.swift */; };
		DC8B44562535744500B83678 /* Token.swift in Sources */ = {isa = PBXBuildFile; fileRef = DC8B44552535744500B83678 /* Token.swift */; };
		DC8B44592535747700B83678 /* FollowerListItem.swift in Sources */ = {isa = PBXBuildFile; fileRef = DC8B44582535747700B83678 /* FollowerListItem.swift */; };
		DC8B445D25357B2900B83678 /* Apollo in Frameworks */ = {isa = PBXBuildFile; productRef = DC8B445C25357B2900B83678 /* Apollo */; };
		DCAB8AFD25354B100063105E /* graphqlApp.swift in Sources */ = {isa = PBXBuildFile; fileRef = DCAB8AFC25354B100063105E /* graphqlApp.swift */; };
		DCAB8AFF25354B100063105E /* ContentView.swift in Sources */ = {isa = PBXBuildFile; fileRef = DCAB8AFE25354B100063105E /* ContentView.swift */; };
		DCAB8B0125354B100063105E /* Assets.xcassets in Resources */ = {isa = PBXBuildFile; fileRef = DCAB8B0025354B100063105E /* Assets.xcassets */; };
		DCAB8B0425354B100063105E /* Preview Assets.xcassets in Resources */ = {isa = PBXBuildFile; fileRef = DCAB8B0325354B100063105E /* Preview Assets.xcassets */; };
		DCAB8B0F25354D700063105E /* ActionButtonStyle.swift in Sources */ = {isa = PBXBuildFile; fileRef = DCAB8B0E25354D700063105E /* ActionButtonStyle.swift */; };
		DCAB8B1425354D970063105E /* grid.swift in Sources */ = {isa = PBXBuildFile; fileRef = DCAB8B1325354D970063105E /* grid.swift */; };
/* End PBXBuildFile section */

/* Begin PBXFileReference section */
		DC8B442025354F0900B83678 /* AsyncImage.swift */ = {isa = PBXFileReference; lastKnownFileType = sourcecode.swift; path = AsyncImage.swift; sourceTree = "<group>"; };
		DC8B442425354F3300B83678 /* ImageLoader.swift */ = {isa = PBXFileReference; lastKnownFileType = sourcecode.swift; path = ImageLoader.swift; sourceTree = "<group>"; };
		DC8B442725354F4000B83678 /* ImageCache.swift */ = {isa = PBXFileReference; lastKnownFileType = sourcecode.swift; path = ImageCache.swift; sourceTree = "<group>"; };
		DC8B442A25354F5600B83678 /* EnvironmentValues+ImageCache.swift */ = {isa = PBXFileReference; lastKnownFileType = sourcecode.swift; path = "EnvironmentValues+ImageCache.swift"; sourceTree = "<group>"; };
		DC8B44332535553400B83678 /* Notification+Oauth.swift */ = {isa = PBXFileReference; lastKnownFileType = sourcecode.swift; path = "Notification+Oauth.swift"; sourceTree = "<group>"; };
		DC8B44372535558800B83678 /* SignInConstants.swift */ = {isa = PBXFileReference; lastKnownFileType = sourcecode.swift; path = SignInConstants.swift; sourceTree = "<group>"; };
		DC8B44422535569100B83678 /* OAuthService.swift */ = {isa = PBXFileReference; lastKnownFileType = sourcecode.swift; path = OAuthService.swift; sourceTree = "<group>"; };
		DC8B4446253563C300B83678 /* URLBuilder.swift */ = {isa = PBXFileReference; lastKnownFileType = sourcecode.swift; path = URLBuilder.swift; sourceTree = "<group>"; };
		DC8B4449253563EE00B83678 /* OAuthLoginSession.swift */ = {isa = PBXFileReference; lastKnownFileType = sourcecode.swift; path = OAuthLoginSession.swift; sourceTree = "<group>"; };
		DC8B444C2535640800B83678 /* LoginScopes.swift */ = {isa = PBXFileReference; lastKnownFileType = sourcecode.swift; path = LoginScopes.swift; sourceTree = "<group>"; };
		DC8B44522535743000B83678 /* SnakeCaseJSONDecoder.swift */ = {isa = PBXFileReference; lastKnownFileType = sourcecode.swift; path = SnakeCaseJSONDecoder.swift; sourceTree = "<group>"; };
		DC8B44552535744500B83678 /* Token.swift */ = {isa = PBXFileReference; lastKnownFileType = sourcecode.swift; path = Token.swift; sourceTree = "<group>"; };
		DC8B44582535747700B83678 /* FollowerListItem.swift */ = {isa = PBXFileReference; lastKnownFileType = sourcecode.swift; path = FollowerListItem.swift; sourceTree = "<group>"; };
		DCAB8AF925354B100063105E /* graphql.app */ = {isa = PBXFileReference; explicitFileType = wrapper.application; includeInIndex = 0; path = graphql.app; sourceTree = BUILT_PRODUCTS_DIR; };
		DCAB8AFC25354B100063105E /* graphqlApp.swift */ = {isa = PBXFileReference; lastKnownFileType = sourcecode.swift; path = graphqlApp.swift; sourceTree = "<group>"; };
		DCAB8AFE25354B100063105E /* ContentView.swift */ = {isa = PBXFileReference; lastKnownFileType = sourcecode.swift; path = ContentView.swift; sourceTree = "<group>"; };
		DCAB8B0025354B100063105E /* Assets.xcassets */ = {isa = PBXFileReference; lastKnownFileType = folder.assetcatalog; path = Assets.xcassets; sourceTree = "<group>"; };
		DCAB8B0325354B100063105E /* Preview Assets.xcassets */ = {isa = PBXFileReference; lastKnownFileType = folder.assetcatalog; path = "Preview Assets.xcassets"; sourceTree = "<group>"; };
		DCAB8B0525354B100063105E /* Info.plist */ = {isa = PBXFileReference; lastKnownFileType = text.plist.xml; path = Info.plist; sourceTree = "<group>"; };
		DCAB8B0E25354D700063105E /* ActionButtonStyle.swift */ = {isa = PBXFileReference; lastKnownFileType = sourcecode.swift; path = ActionButtonStyle.swift; sourceTree = "<group>"; };
		DCAB8B1325354D970063105E /* grid.swift */ = {isa = PBXFileReference; lastKnownFileType = sourcecode.swift; path = grid.swift; sourceTree = "<group>"; };
/* End PBXFileReference section */

/* Begin PBXFrameworksBuildPhase section */
		DCAB8AF625354B100063105E /* Frameworks */ = {
			isa = PBXFrameworksBuildPhase;
			buildActionMask = 2147483647;
			files = (
				DC8B445D25357B2900B83678 /* Apollo in Frameworks */,
			);
			runOnlyForDeploymentPostprocessing = 0;
		};
/* End PBXFrameworksBuildPhase section */

/* Begin PBXGroup section */
		DC8B441E25354EF500B83678 /* Views */ = {
			isa = PBXGroup;
			children = (
				DC8B441F25354EFD00B83678 /* AsyncImage */,
			);
			path = Views;
			sourceTree = "<group>";
		};
		DC8B441F25354EFD00B83678 /* AsyncImage */ = {
			isa = PBXGroup;
			children = (
				DC8B442025354F0900B83678 /* AsyncImage.swift */,
				DC8B442425354F3300B83678 /* ImageLoader.swift */,
				DC8B442725354F4000B83678 /* ImageCache.swift */,
				DC8B442A25354F5600B83678 /* EnvironmentValues+ImageCache.swift */,
			);
			path = AsyncImage;
			sourceTree = "<group>";
		};
		DC8B44322535551D00B83678 /* SignIn */ = {
			isa = PBXGroup;
			children = (
				DC8B44332535553400B83678 /* Notification+Oauth.swift */,
				DC8B44372535558800B83678 /* SignInConstants.swift */,
				DC8B44422535569100B83678 /* OAuthService.swift */,
				DC8B4446253563C300B83678 /* URLBuilder.swift */,
				DC8B4449253563EE00B83678 /* OAuthLoginSession.swift */,
				DC8B444C2535640800B83678 /* LoginScopes.swift */,
				DC8B44552535744500B83678 /* Token.swift */,
			);
			path = SignIn;
			sourceTree = "<group>";
		};
		DC8B445025356A9600B83678 /* Followers */ = {
			isa = PBXGroup;
			children = (
				DC8B44582535747700B83678 /* FollowerListItem.swift */,
			);
			path = Followers;
			sourceTree = "<group>";
		};
		DCAB8AF025354B100063105E = {
			isa = PBXGroup;
			children = (
				DCAB8AFB25354B100063105E /* graphql */,
				DCAB8AFA25354B100063105E /* Products */,
			);
			sourceTree = "<group>";
		};
		DCAB8AFA25354B100063105E /* Products */ = {
			isa = PBXGroup;
			children = (
				DCAB8AF925354B100063105E /* graphql.app */,
			);
			name = Products;
			sourceTree = "<group>";
		};
		DCAB8AFB25354B100063105E /* graphql */ = {
			isa = PBXGroup;
			children = (
				DC8B445025356A9600B83678 /* Followers */,
				DC8B44322535551D00B83678 /* SignIn */,
				DC8B441E25354EF500B83678 /* Views */,
				DCAB8B1225354D910063105E /* Utility */,
				DCAB8B0D25354D680063105E /* ViewStyles */,
				DCAB8AFC25354B100063105E /* graphqlApp.swift */,
				DCAB8AFE25354B100063105E /* ContentView.swift */,
				DCAB8B0025354B100063105E /* Assets.xcassets */,
				DCAB8B0525354B100063105E /* Info.plist */,
				DCAB8B0225354B100063105E /* Preview Content */,
			);
			path = graphql;
			sourceTree = "<group>";
		};
		DCAB8B0225354B100063105E /* Preview Content */ = {
			isa = PBXGroup;
			children = (
				DCAB8B0325354B100063105E /* Preview Assets.xcassets */,
			);
			path = "Preview Content";
			sourceTree = "<group>";
		};
		DCAB8B0D25354D680063105E /* ViewStyles */ = {
			isa = PBXGroup;
			children = (
				DCAB8B0E25354D700063105E /* ActionButtonStyle.swift */,
			);
			path = ViewStyles;
			sourceTree = "<group>";
		};
		DCAB8B1225354D910063105E /* Utility */ = {
			isa = PBXGroup;
			children = (
				DCAB8B1325354D970063105E /* grid.swift */,
				DC8B44522535743000B83678 /* SnakeCaseJSONDecoder.swift */,
			);
			path = Utility;
			sourceTree = "<group>";
		};
/* End PBXGroup section */

/* Begin PBXNativeTarget section */
		DCAB8AF825354B100063105E /* graphql */ = {
			isa = PBXNativeTarget;
			buildConfigurationList = DCAB8B0825354B100063105E /* Build configuration list for PBXNativeTarget "graphql" */;
			buildPhases = (
				DCAB8AF525354B100063105E /* Sources */,
				DCAB8AF625354B100063105E /* Frameworks */,
				DCAB8AF725354B100063105E /* Resources */,
			);
			buildRules = (
			);
			dependencies = (
			);
			name = graphql;
			packageProductDependencies = (
				DC8B445C25357B2900B83678 /* Apollo */,
			);
			productName = graphql;
			productReference = DCAB8AF925354B100063105E /* graphql.app */;
			productType = "com.apple.product-type.application";
		};
/* End PBXNativeTarget section */

/* Begin PBXProject section */
		DCAB8AF125354B100063105E /* Project object */ = {
			isa = PBXProject;
			attributes = {
				LastSwiftUpdateCheck = 1200;
				LastUpgradeCheck = 1200;
				TargetAttributes = {
					DCAB8AF825354B100063105E = {
						CreatedOnToolsVersion = 12.0.1;
					};
				};
			};
			buildConfigurationList = DCAB8AF425354B100063105E /* Build configuration list for PBXProject "graphql" */;
			compatibilityVersion = "Xcode 9.3";
			developmentRegion = en;
			hasScannedForEncodings = 0;
			knownRegions = (
				en,
				Base,
			);
			mainGroup = DCAB8AF025354B100063105E;
			packageReferences = (
				DC8B445B25357B2900B83678 /* XCRemoteSwiftPackageReference "apollo-ios" */,
			);
			productRefGroup = DCAB8AFA25354B100063105E /* Products */;
			projectDirPath = "";
			projectRoot = "";
			targets = (
				DCAB8AF825354B100063105E /* graphql */,
			);
		};
/* End PBXProject section */

/* Begin PBXResourcesBuildPhase section */
		DCAB8AF725354B100063105E /* Resources */ = {
			isa = PBXResourcesBuildPhase;
			buildActionMask = 2147483647;
			files = (
				DCAB8B0425354B100063105E /* Preview Assets.xcassets in Resources */,
				DCAB8B0125354B100063105E /* Assets.xcassets in Resources */,
			);
			runOnlyForDeploymentPostprocessing = 0;
		};
/* End PBXResourcesBuildPhase section */

/* Begin PBXSourcesBuildPhase section */
		DCAB8AF525354B100063105E /* Sources */ = {
			isa = PBXSourcesBuildPhase;
			buildActionMask = 2147483647;
			files = (
				DC8B44592535747700B83678 /* FollowerListItem.swift in Sources */,
				DC8B44532535743000B83678 /* SnakeCaseJSONDecoder.swift in Sources */,
				DC8B442125354F0900B83678 /* AsyncImage.swift in Sources */,
				DC8B4447253563C300B83678 /* URLBuilder.swift in Sources */,
				DC8B444D2535640800B83678 /* LoginScopes.swift in Sources */,
				DC8B44382535558800B83678 /* SignInConstants.swift in Sources */,
				DCAB8AFF25354B100063105E /* ContentView.swift in Sources */,
				DC8B442525354F3300B83678 /* ImageLoader.swift in Sources */,
				DC8B44562535744500B83678 /* Token.swift in Sources */,
				DCAB8AFD25354B100063105E /* graphqlApp.swift in Sources */,
				DC8B442B25354F5600B83678 /* EnvironmentValues+ImageCache.swift in Sources */,
				DC8B44342535553400B83678 /* Notification+Oauth.swift in Sources */,
				DC8B44432535569100B83678 /* OAuthService.swift in Sources */,
				DCAB8B0F25354D700063105E /* ActionButtonStyle.swift in Sources */,
				DC8B444A253563EE00B83678 /* OAuthLoginSession.swift in Sources */,
				DC8B442825354F4000B83678 /* ImageCache.swift in Sources */,
				DCAB8B1425354D970063105E /* grid.swift in Sources */,
			);
			runOnlyForDeploymentPostprocessing = 0;
		};
/* End PBXSourcesBuildPhase section */

/* Begin XCBuildConfiguration section */
		DCAB8B0625354B100063105E /* Debug */ = {
			isa = XCBuildConfiguration;
			buildSettings = {
				ALWAYS_SEARCH_USER_PATHS = NO;
				CLANG_ANALYZER_NONNULL = YES;
				CLANG_ANALYZER_NUMBER_OBJECT_CONVERSION = YES_AGGRESSIVE;
				CLANG_CXX_LANGUAGE_STANDARD = "gnu++14";
				CLANG_CXX_LIBRARY = "libc++";
				CLANG_ENABLE_MODULES = YES;
				CLANG_ENABLE_OBJC_ARC = YES;
				CLANG_ENABLE_OBJC_WEAK = YES;
				CLANG_WARN_BLOCK_CAPTURE_AUTORELEASING = YES;
				CLANG_WARN_BOOL_CONVERSION = YES;
				CLANG_WARN_COMMA = YES;
				CLANG_WARN_CONSTANT_CONVERSION = YES;
				CLANG_WARN_DEPRECATED_OBJC_IMPLEMENTATIONS = YES;
				CLANG_WARN_DIRECT_OBJC_ISA_USAGE = YES_ERROR;
				CLANG_WARN_DOCUMENTATION_COMMENTS = YES;
				CLANG_WARN_EMPTY_BODY = YES;
				CLANG_WARN_ENUM_CONVERSION = YES;
				CLANG_WARN_INFINITE_RECURSION = YES;
				CLANG_WARN_INT_CONVERSION = YES;
				CLANG_WARN_NON_LITERAL_NULL_CONVERSION = YES;
				CLANG_WARN_OBJC_IMPLICIT_RETAIN_SELF = YES;
				CLANG_WARN_OBJC_LITERAL_CONVERSION = YES;
				CLANG_WARN_OBJC_ROOT_CLASS = YES_ERROR;
				CLANG_WARN_QUOTED_INCLUDE_IN_FRAMEWORK_HEADER = YES;
				CLANG_WARN_RANGE_LOOP_ANALYSIS = YES;
				CLANG_WARN_STRICT_PROTOTYPES = YES;
				CLANG_WARN_SUSPICIOUS_MOVE = YES;
				CLANG_WARN_UNGUARDED_AVAILABILITY = YES_AGGRESSIVE;
				CLANG_WARN_UNREACHABLE_CODE = YES;
				CLANG_WARN__DUPLICATE_METHOD_MATCH = YES;
				COPY_PHASE_STRIP = NO;
				DEBUG_INFORMATION_FORMAT = dwarf;
				ENABLE_STRICT_OBJC_MSGSEND = YES;
				ENABLE_TESTABILITY = YES;
				GCC_C_LANGUAGE_STANDARD = gnu11;
				GCC_DYNAMIC_NO_PIC = NO;
				GCC_NO_COMMON_BLOCKS = YES;
				GCC_OPTIMIZATION_LEVEL = 0;
				GCC_PREPROCESSOR_DEFINITIONS = (
					"DEBUG=1",
					"$(inherited)",
				);
				GCC_WARN_64_TO_32_BIT_CONVERSION = YES;
				GCC_WARN_ABOUT_RETURN_TYPE = YES_ERROR;
				GCC_WARN_UNDECLARED_SELECTOR = YES;
				GCC_WARN_UNINITIALIZED_AUTOS = YES_AGGRESSIVE;
				GCC_WARN_UNUSED_FUNCTION = YES;
				GCC_WARN_UNUSED_VARIABLE = YES;
				IPHONEOS_DEPLOYMENT_TARGET = 14.0;
				MTL_ENABLE_DEBUG_INFO = INCLUDE_SOURCE;
				MTL_FAST_MATH = YES;
				ONLY_ACTIVE_ARCH = YES;
				SDKROOT = iphoneos;
				SWIFT_ACTIVE_COMPILATION_CONDITIONS = DEBUG;
				SWIFT_OPTIMIZATION_LEVEL = "-Onone";
			};
			name = Debug;
		};
		DCAB8B0725354B100063105E /* Release */ = {
			isa = XCBuildConfiguration;
			buildSettings = {
				ALWAYS_SEARCH_USER_PATHS = NO;
				CLANG_ANALYZER_NONNULL = YES;
				CLANG_ANALYZER_NUMBER_OBJECT_CONVERSION = YES_AGGRESSIVE;
				CLANG_CXX_LANGUAGE_STANDARD = "gnu++14";
				CLANG_CXX_LIBRARY = "libc++";
				CLANG_ENABLE_MODULES = YES;
				CLANG_ENABLE_OBJC_ARC = YES;
				CLANG_ENABLE_OBJC_WEAK = YES;
				CLANG_WARN_BLOCK_CAPTURE_AUTORELEASING = YES;
				CLANG_WARN_BOOL_CONVERSION = YES;
				CLANG_WARN_COMMA = YES;
				CLANG_WARN_CONSTANT_CONVERSION = YES;
				CLANG_WARN_DEPRECATED_OBJC_IMPLEMENTATIONS = YES;
				CLANG_WARN_DIRECT_OBJC_ISA_USAGE = YES_ERROR;
				CLANG_WARN_DOCUMENTATION_COMMENTS = YES;
				CLANG_WARN_EMPTY_BODY = YES;
				CLANG_WARN_ENUM_CONVERSION = YES;
				CLANG_WARN_INFINITE_RECURSION = YES;
				CLANG_WARN_INT_CONVERSION = YES;
				CLANG_WARN_NON_LITERAL_NULL_CONVERSION = YES;
				CLANG_WARN_OBJC_IMPLICIT_RETAIN_SELF = YES;
				CLANG_WARN_OBJC_LITERAL_CONVERSION = YES;
				CLANG_WARN_OBJC_ROOT_CLASS = YES_ERROR;
				CLANG_WARN_QUOTED_INCLUDE_IN_FRAMEWORK_HEADER = YES;
				CLANG_WARN_RANGE_LOOP_ANALYSIS = YES;
				CLANG_WARN_STRICT_PROTOTYPES = YES;
				CLANG_WARN_SUSPICIOUS_MOVE = YES;
				CLANG_WARN_UNGUARDED_AVAILABILITY = YES_AGGRESSIVE;
				CLANG_WARN_UNREACHABLE_CODE = YES;
				CLANG_WARN__DUPLICATE_METHOD_MATCH = YES;
				COPY_PHASE_STRIP = NO;
				DEBUG_INFORMATION_FORMAT = "dwarf-with-dsym";
				ENABLE_NS_ASSERTIONS = NO;
				ENABLE_STRICT_OBJC_MSGSEND = YES;
				GCC_C_LANGUAGE_STANDARD = gnu11;
				GCC_NO_COMMON_BLOCKS = YES;
				GCC_WARN_64_TO_32_BIT_CONVERSION = YES;
				GCC_WARN_ABOUT_RETURN_TYPE = YES_ERROR;
				GCC_WARN_UNDECLARED_SELECTOR = YES;
				GCC_WARN_UNINITIALIZED_AUTOS = YES_AGGRESSIVE;
				GCC_WARN_UNUSED_FUNCTION = YES;
				GCC_WARN_UNUSED_VARIABLE = YES;
				IPHONEOS_DEPLOYMENT_TARGET = 14.0;
				MTL_ENABLE_DEBUG_INFO = NO;
				MTL_FAST_MATH = YES;
				SDKROOT = iphoneos;
				SWIFT_COMPILATION_MODE = wholemodule;
				SWIFT_OPTIMIZATION_LEVEL = "-O";
				VALIDATE_PRODUCT = YES;
			};
			name = Release;
		};
		DCAB8B0925354B100063105E /* Debug */ = {
			isa = XCBuildConfiguration;
			buildSettings = {
				ASSETCATALOG_COMPILER_APPICON_NAME = AppIcon;
				ASSETCATALOG_COMPILER_GLOBAL_ACCENT_COLOR_NAME = AccentColor;
				CODE_SIGN_STYLE = Automatic;
				DEVELOPMENT_ASSET_PATHS = "\"graphql/Preview Content\"";
				DEVELOPMENT_TEAM = F4H8GRP7M4;
				ENABLE_PREVIEWS = YES;
				INFOPLIST_FILE = graphql/Info.plist;
				IPHONEOS_DEPLOYMENT_TARGET = 14.0;
				LD_RUNPATH_SEARCH_PATHS = (
					"$(inherited)",
					"@executable_path/Frameworks",
				);
				PRODUCT_BUNDLE_IDENTIFIER = com.heshamsalman.graphql;
				PRODUCT_NAME = "$(TARGET_NAME)";
				SWIFT_VERSION = 5.0;
				TARGETED_DEVICE_FAMILY = "1,2";
			};
			name = Debug;
		};
		DCAB8B0A25354B100063105E /* Release */ = {
			isa = XCBuildConfiguration;
			buildSettings = {
				ASSETCATALOG_COMPILER_APPICON_NAME = AppIcon;
				ASSETCATALOG_COMPILER_GLOBAL_ACCENT_COLOR_NAME = AccentColor;
				CODE_SIGN_STYLE = Automatic;
				DEVELOPMENT_ASSET_PATHS = "\"graphql/Preview Content\"";
				DEVELOPMENT_TEAM = F4H8GRP7M4;
				ENABLE_PREVIEWS = YES;
				INFOPLIST_FILE = graphql/Info.plist;
				IPHONEOS_DEPLOYMENT_TARGET = 14.0;
				LD_RUNPATH_SEARCH_PATHS = (
					"$(inherited)",
					"@executable_path/Frameworks",
				);
				PRODUCT_BUNDLE_IDENTIFIER = com.heshamsalman.graphql;
				PRODUCT_NAME = "$(TARGET_NAME)";
				SWIFT_VERSION = 5.0;
				TARGETED_DEVICE_FAMILY = "1,2";
			};
			name = Release;
		};
/* End XCBuildConfiguration section */

/* Begin XCConfigurationList section */
		DCAB8AF425354B100063105E /* Build configuration list for PBXProject "graphql" */ = {
			isa = XCConfigurationList;
			buildConfigurations = (
				DCAB8B0625354B100063105E /* Debug */,
				DCAB8B0725354B100063105E /* Release */,
			);
			defaultConfigurationIsVisible = 0;
			defaultConfigurationName = Release;
		};
		DCAB8B0825354B100063105E /* Build configuration list for PBXNativeTarget "graphql" */ = {
			isa = XCConfigurationList;
			buildConfigurations = (
				DCAB8B0925354B100063105E /* Debug */,
				DCAB8B0A25354B100063105E /* Release */,
			);
			defaultConfigurationIsVisible = 0;
			defaultConfigurationName = Release;
		};
/* End XCConfigurationList section */

/* Begin XCRemoteSwiftPackageReference section */
		DC8B445B25357B2900B83678 /* XCRemoteSwiftPackageReference "apollo-ios" */ = {
			isa = XCRemoteSwiftPackageReference;
			repositoryURL = "https://github.com/apollographql/apollo-ios";
			requirement = {
				kind = upToNextMajorVersion;
				minimumVersion = 0.34.1;
			};
		};
/* End XCRemoteSwiftPackageReference section */

/* Begin XCSwiftPackageProductDependency section */
		DC8B445C25357B2900B83678 /* Apollo */ = {
			isa = XCSwiftPackageProductDependency;
			package = DC8B445B25357B2900B83678 /* XCRemoteSwiftPackageReference "apollo-ios" */;
			productName = Apollo;
		};
/* End XCSwiftPackageProductDependency section */
	};
	rootObject = DCAB8AF125354B100063105E /* Project object */;
}
